
Microsoft Visual Studio Solution File, Format Version 12.00
# Visual Studio Version 16
VisualStudioVersion = 16.0.30503.244
MinimumVisualStudioVersion = 10.0.40219.1
Project("{FAE04EC0-301F-11D3-BF4B-00C04F79EFBC}") = "4a990028", "4a990028\4a990028.csproj", "{8FA53A31-158F-4C93-A3FB-B73235F232A0}"
EndProject
Global
	GlobalSection(SolutionConfigurationPlatforms) = preSolution
		Debug|Any CPU = Debug|Any CPU
		Release|Any CPU = Release|Any CPU
	EndGlobalSection
	GlobalSection(ProjectConfigurationPlatforms) = postSolution
		{8FA53A31-158F-4C93-A3FB-B73235F232A0}.Debug|Any CPU.ActiveCfg = Debug|Any CPU
		{8FA53A31-158F-4C93-A3FB-B73235F232A0}.Debug|Any CPU.Build.0 = Debug|Any CPU
		{8FA53A31-158F-4C93-A3FB-B73235F232A0}.Release|Any CPU.ActiveCfg = Release|Any CPU
		{8FA53A31-158F-4C93-A3FB-B73235F232A0}.Release|Any CPU.Build.0 = Release|Any CPU
	EndGlobalSection
	GlobalSection(SolutionProperties) = preSolution
		HideSolutionNode = FALSE
	EndGlobalSection
	GlobalSection(ExtensibilityGlobals) = postSolution
		SolutionGuid = {33332813-BEFF-47F0-8636-C8AA4FC67390}
	EndGlobalSection
EndGlobal
